
Microsoft Visual Studio Solution File, Format Version 12.00
# Visual Studio Version 17
VisualStudioVersion = 17.7.34024.191
MinimumVisualStudioVersion = 10.0.40219.1
Project("{9A19103F-16F7-4668-BE54-9A1E7A4F7556}") = "ZooManagement", "ZooManagement.csproj", "{C0EC6C5A-0600-4771-BDB4-7ABA93CE2F9F}"
EndProject
Project("{FAE04EC0-301F-11D3-BF4B-00C04F79EFBC}") = "ZooManagementTest", "..\ZooManagementTest\ZooManagementTest.csproj", "{EA28B8A9-1B0F-4D7A-8F69-B85A891B9C92}"
EndProject
Global
	GlobalSection(SolutionConfigurationPlatforms) = preSolution
		Debug|Any CPU = Debug|Any CPU
		Release|Any CPU = Release|Any CPU
	EndGlobalSection
	GlobalSection(ProjectConfigurationPlatforms) = postSolution
		{C0EC6C5A-0600-4771-BDB4-7ABA93CE2F9F}.Debug|Any CPU.ActiveCfg = Debug|Any CPU
		{C0EC6C5A-0600-4771-BDB4-7ABA93CE2F9F}.Debug|Any CPU.Build.0 = Debug|Any CPU
		{C0EC6C5A-0600-4771-BDB4-7ABA93CE2F9F}.Release|Any CPU.ActiveCfg = Release|Any CPU
		{C0EC6C5A-0600-4771-BDB4-7ABA93CE2F9F}.Release|Any CPU.Build.0 = Release|Any CPU
		{EA28B8A9-1B0F-4D7A-8F69-B85A891B9C92}.Debug|Any CPU.ActiveCfg = Debug|Any CPU
		{EA28B8A9-1B0F-4D7A-8F69-B85A891B9C92}.Debug|Any CPU.Build.0 = Debug|Any CPU
		{EA28B8A9-1B0F-4D7A-8F69-B85A891B9C92}.Release|Any CPU.ActiveCfg = Release|Any CPU
		{EA28B8A9-1B0F-4D7A-8F69-B85A891B9C92}.Release|Any CPU.Build.0 = Release|Any CPU
	EndGlobalSection
	GlobalSection(SolutionProperties) = preSolution
		HideSolutionNode = FALSE
	EndGlobalSection
	GlobalSection(ExtensibilityGlobals) = postSolution
		SolutionGuid = {F02247E2-7097-4A88-BDAD-39FF265A2216}
	EndGlobalSection
EndGlobal
