
Microsoft Visual Studio Solution File, Format Version 12.00
# Visual Studio Version 17
VisualStudioVersion = 17.7.34024.191
MinimumVisualStudioVersion = 10.0.40219.1
Project("{FAE04EC0-301F-11D3-BF4B-00C04F79EFBC}") = "ZooERP", "ZooERP\ZooERP.csproj", "{AC633364-34A8-42CB-9CE0-271229332B7F}"
EndProject
Global
	GlobalSection(SolutionConfigurationPlatforms) = preSolution
		Debug|Any CPU = Debug|Any CPU
		Release|Any CPU = Release|Any CPU
	EndGlobalSection
	GlobalSection(ProjectConfigurationPlatforms) = postSolution
		{AC633364-34A8-42CB-9CE0-271229332B7F}.Debug|Any CPU.ActiveCfg = Debug|Any CPU
		{AC633364-34A8-42CB-9CE0-271229332B7F}.Debug|Any CPU.Build.0 = Debug|Any CPU
		{AC633364-34A8-42CB-9CE0-271229332B7F}.Release|Any CPU.ActiveCfg = Release|Any CPU
		{AC633364-34A8-42CB-9CE0-271229332B7F}.Release|Any CPU.Build.0 = Release|Any CPU
	EndGlobalSection
	GlobalSection(SolutionProperties) = preSolution
		HideSolutionNode = FALSE
	EndGlobalSection
	GlobalSection(ExtensibilityGlobals) = postSolution
		SolutionGuid = {88D7FB16-4264-45B9-B7ED-4D16A2DAF90A}
	EndGlobalSection
EndGlobal
